// !$*UTF8*$!
{
	archiveVersion = 1;
	classes = {
	};
	objectVersion = 56;
	objects = {

/* Begin PBXBuildFile section */
		812349652BEFE9680089B9F4 /* SerpApiCallsApp.swift in Sources */ = {isa = PBXBuildFile; fileRef = 812349642BEFE9680089B9F4 /* SerpApiCallsApp.swift */; };
		812349692BEFE9680089B9F4 /* Item.swift in Sources */ = {isa = PBXBuildFile; fileRef = 812349682BEFE9680089B9F4 /* Item.swift */; };
		8123496B2BEFE96E0089B9F4 /* Assets.xcassets in Resources */ = {isa = PBXBuildFile; fileRef = 8123496A2BEFE96E0089B9F4 /* Assets.xcassets */; };
		8123496E2BEFE96E0089B9F4 /* Preview Assets.xcassets in Resources */ = {isa = PBXBuildFile; fileRef = 8123496D2BEFE96E0089B9F4 /* Preview Assets.xcassets */; };
		812349752BEFEF950089B9F4 /* FetchedPoi.swift in Sources */ = {isa = PBXBuildFile; fileRef = 812349742BEFEF950089B9F4 /* FetchedPoi.swift */; };
		812349772BEFF0EB0089B9F4 /* PoiDataView.swift in Sources */ = {isa = PBXBuildFile; fileRef = 812349762BEFF0EB0089B9F4 /* PoiDataView.swift */; };
		812349792BEFF1890089B9F4 /* PoiFetcher.swift in Sources */ = {isa = PBXBuildFile; fileRef = 812349782BEFF1890089B9F4 /* PoiFetcher.swift */; };
		8123497B2BF146890089B9F4 /* ContentView.swift in Sources */ = {isa = PBXBuildFile; fileRef = 8123497A2BF146890089B9F4 /* ContentView.swift */; };
		81A1DE342BF21DB8009AC107 /* GPSLocation.swift in Sources */ = {isa = PBXBuildFile; fileRef = 81A1DE332BF21DB8009AC107 /* GPSLocation.swift */; };
/* End PBXBuildFile section */

/* Begin PBXFileReference section */
		812349612BEFE9680089B9F4 /* SerpApiCalls.app */ = {isa = PBXFileReference; explicitFileType = wrapper.application; includeInIndex = 0; path = SerpApiCalls.app; sourceTree = BUILT_PRODUCTS_DIR; };
		812349642BEFE9680089B9F4 /* SerpApiCallsApp.swift */ = {isa = PBXFileReference; lastKnownFileType = sourcecode.swift; path = SerpApiCallsApp.swift; sourceTree = "<group>"; };
		812349682BEFE9680089B9F4 /* Item.swift */ = {isa = PBXFileReference; lastKnownFileType = sourcecode.swift; path = Item.swift; sourceTree = "<group>"; };
		8123496A2BEFE96E0089B9F4 /* Assets.xcassets */ = {isa = PBXFileReference; lastKnownFileType = folder.assetcatalog; path = Assets.xcassets; sourceTree = "<group>"; };
		8123496D2BEFE96E0089B9F4 /* Preview Assets.xcassets */ = {isa = PBXFileReference; lastKnownFileType = folder.assetcatalog; path = "Preview Assets.xcassets"; sourceTree = "<group>"; };
		812349742BEFEF950089B9F4 /* FetchedPoi.swift */ = {isa = PBXFileReference; lastKnownFileType = sourcecode.swift; path = FetchedPoi.swift; sourceTree = "<group>"; };
		812349762BEFF0EB0089B9F4 /* PoiDataView.swift */ = {isa = PBXFileReference; lastKnownFileType = sourcecode.swift; path = PoiDataView.swift; sourceTree = "<group>"; };
		812349782BEFF1890089B9F4 /* PoiFetcher.swift */ = {isa = PBXFileReference; lastKnownFileType = sourcecode.swift; path = PoiFetcher.swift; sourceTree = "<group>"; };
		8123497A2BF146890089B9F4 /* ContentView.swift */ = {isa = PBXFileReference; lastKnownFileType = sourcecode.swift; path = ContentView.swift; sourceTree = "<group>"; };
		81A1DE322BF219AC009AC107 /* Info.plist */ = {isa = PBXFileReference; lastKnownFileType = text.plist; path = Info.plist; sourceTree = "<group>"; };
		81A1DE332BF21DB8009AC107 /* GPSLocation.swift */ = {isa = PBXFileReference; lastKnownFileType = sourcecode.swift; path = GPSLocation.swift; sourceTree = "<group>"; };
/* End PBXFileReference section */

/* Begin PBXFrameworksBuildPhase section */
		8123495E2BEFE9680089B9F4 /* Frameworks */ = {
			isa = PBXFrameworksBuildPhase;
			buildActionMask = 2147483647;
			files = (
			);
			runOnlyForDeploymentPostprocessing = 0;
		};
/* End PBXFrameworksBuildPhase section */

/* Begin PBXGroup section */
		812349582BEFE9680089B9F4 = {
			isa = PBXGroup;
			children = (
				812349632BEFE9680089B9F4 /* SerpApiCalls */,
				812349622BEFE9680089B9F4 /* Products */,
			);
			sourceTree = "<group>";
		};
		812349622BEFE9680089B9F4 /* Products */ = {
			isa = PBXGroup;
			children = (
				812349612BEFE9680089B9F4 /* SerpApiCalls.app */,
			);
			name = Products;
			sourceTree = "<group>";
		};
		812349632BEFE9680089B9F4 /* SerpApiCalls */ = {
			isa = PBXGroup;
			children = (
				81A1DE322BF219AC009AC107 /* Info.plist */,
				812349642BEFE9680089B9F4 /* SerpApiCallsApp.swift */,
				812349762BEFF0EB0089B9F4 /* PoiDataView.swift */,
				812349782BEFF1890089B9F4 /* PoiFetcher.swift */,
				81A1DE332BF21DB8009AC107 /* GPSLocation.swift */,
				812349742BEFEF950089B9F4 /* FetchedPoi.swift */,
				812349682BEFE9680089B9F4 /* Item.swift */,
				8123497A2BF146890089B9F4 /* ContentView.swift */,
				8123496A2BEFE96E0089B9F4 /* Assets.xcassets */,
				8123496C2BEFE96E0089B9F4 /* Preview Content */,
			);
			path = SerpApiCalls;
			sourceTree = "<group>";
		};
		8123496C2BEFE96E0089B9F4 /* Preview Content */ = {
			isa = PBXGroup;
			children = (
				8123496D2BEFE96E0089B9F4 /* Preview Assets.xcassets */,
			);
			path = "Preview Content";
			sourceTree = "<group>";
		};
/* End PBXGroup section */

/* Begin PBXNativeTarget section */
		812349602BEFE9680089B9F4 /* SerpApiCalls */ = {
			isa = PBXNativeTarget;
			buildConfigurationList = 812349712BEFE96E0089B9F4 /* Build configuration list for PBXNativeTarget "SerpApiCalls" */;
			buildPhases = (
				8123495D2BEFE9680089B9F4 /* Sources */,
				8123495E2BEFE9680089B9F4 /* Frameworks */,
				8123495F2BEFE9680089B9F4 /* Resources */,
			);
			buildRules = (
			);
			dependencies = (
			);
			name = SerpApiCalls;
			productName = SerpApiCalls;
			productReference = 812349612BEFE9680089B9F4 /* SerpApiCalls.app */;
			productType = "com.apple.product-type.application";
		};
/* End PBXNativeTarget section */

/* Begin PBXProject section */
		812349592BEFE9680089B9F4 /* Project object */ = {
			isa = PBXProject;
			attributes = {
				BuildIndependentTargetsInParallel = 1;
				LastSwiftUpdateCheck = 1530;
				LastUpgradeCheck = 1530;
				TargetAttributes = {
					812349602BEFE9680089B9F4 = {
						CreatedOnToolsVersion = 15.3;
					};
				};
			};
			buildConfigurationList = 8123495C2BEFE9680089B9F4 /* Build configuration list for PBXProject "SerpApiCalls" */;
			compatibilityVersion = "Xcode 14.0";
			developmentRegion = en;
			hasScannedForEncodings = 0;
			knownRegions = (
				en,
				Base,
			);
			mainGroup = 812349582BEFE9680089B9F4;
			productRefGroup = 812349622BEFE9680089B9F4 /* Products */;
			projectDirPath = "";
			projectRoot = "";
			targets = (
				812349602BEFE9680089B9F4 /* SerpApiCalls */,
			);
		};
/* End PBXProject section */

/* Begin PBXResourcesBuildPhase section */
		8123495F2BEFE9680089B9F4 /* Resources */ = {
			isa = PBXResourcesBuildPhase;
			buildActionMask = 2147483647;
			files = (
				8123496E2BEFE96E0089B9F4 /* Preview Assets.xcassets in Resources */,
				8123496B2BEFE96E0089B9F4 /* Assets.xcassets in Resources */,
			);
			runOnlyForDeploymentPostprocessing = 0;
		};
/* End PBXResourcesBuildPhase section */

/* Begin PBXSourcesBuildPhase section */
		8123495D2BEFE9680089B9F4 /* Sources */ = {
			isa = PBXSourcesBuildPhase;
			buildActionMask = 2147483647;
			files = (
				812349692BEFE9680089B9F4 /* Item.swift in Sources */,
				812349792BEFF1890089B9F4 /* PoiFetcher.swift in Sources */,
				8123497B2BF146890089B9F4 /* ContentView.swift in Sources */,
				81A1DE342BF21DB8009AC107 /* GPSLocation.swift in Sources */,
				812349752BEFEF950089B9F4 /* FetchedPoi.swift in Sources */,
				812349652BEFE9680089B9F4 /* SerpApiCallsApp.swift in Sources */,
				812349772BEFF0EB0089B9F4 /* PoiDataView.swift in Sources */,
			);
			runOnlyForDeploymentPostprocessing = 0;
		};
/* End PBXSourcesBuildPhase section */

/* Begin XCBuildConfiguration section */
		8123496F2BEFE96E0089B9F4 /* Debug */ = {
			isa = XCBuildConfiguration;
			buildSettings = {
				ALWAYS_SEARCH_USER_PATHS = NO;
				ASSETCATALOG_COMPILER_GENERATE_SWIFT_ASSET_SYMBOL_EXTENSIONS = YES;
				CLANG_ANALYZER_NONNULL = YES;
				CLANG_ANALYZER_NUMBER_OBJECT_CONVERSION = YES_AGGRESSIVE;
				CLANG_CXX_LANGUAGE_STANDARD = "gnu++20";
				CLANG_ENABLE_MODULES = YES;
				CLANG_ENABLE_OBJC_ARC = YES;
				CLANG_ENABLE_OBJC_WEAK = YES;
				CLANG_WARN_BLOCK_CAPTURE_AUTORELEASING = YES;
				CLANG_WARN_BOOL_CONVERSION = YES;
				CLANG_WARN_COMMA = YES;
				CLANG_WARN_CONSTANT_CONVERSION = YES;
				CLANG_WARN_DEPRECATED_OBJC_IMPLEMENTATIONS = YES;
				CLANG_WARN_DIRECT_OBJC_ISA_USAGE = YES_ERROR;
				CLANG_WARN_DOCUMENTATION_COMMENTS = YES;
				CLANG_WARN_EMPTY_BODY = YES;
				CLANG_WARN_ENUM_CONVERSION = YES;
				CLANG_WARN_INFINITE_RECURSION = YES;
				CLANG_WARN_INT_CONVERSION = YES;
				CLANG_WARN_NON_LITERAL_NULL_CONVERSION = YES;
				CLANG_WARN_OBJC_IMPLICIT_RETAIN_SELF = YES;
				CLANG_WARN_OBJC_LITERAL_CONVERSION = YES;
				CLANG_WARN_OBJC_ROOT_CLASS = YES_ERROR;
				CLANG_WARN_QUOTED_INCLUDE_IN_FRAMEWORK_HEADER = YES;
				CLANG_WARN_RANGE_LOOP_ANALYSIS = YES;
				CLANG_WARN_STRICT_PROTOTYPES = YES;
				CLANG_WARN_SUSPICIOUS_MOVE = YES;
				CLANG_WARN_UNGUARDED_AVAILABILITY = YES_AGGRESSIVE;
				CLANG_WARN_UNREACHABLE_CODE = YES;
				CLANG_WARN__DUPLICATE_METHOD_MATCH = YES;
				COPY_PHASE_STRIP = NO;
				DEBUG_INFORMATION_FORMAT = dwarf;
				ENABLE_STRICT_OBJC_MSGSEND = YES;
				ENABLE_TESTABILITY = YES;
				ENABLE_USER_SCRIPT_SANDBOXING = YES;
				GCC_C_LANGUAGE_STANDARD = gnu17;
				GCC_DYNAMIC_NO_PIC = NO;
				GCC_NO_COMMON_BLOCKS = YES;
				GCC_OPTIMIZATION_LEVEL = 0;
				GCC_PREPROCESSOR_DEFINITIONS = (
					"DEBUG=1",
					"$(inherited)",
				);
				GCC_WARN_64_TO_32_BIT_CONVERSION = YES;
				GCC_WARN_ABOUT_RETURN_TYPE = YES_ERROR;
				GCC_WARN_UNDECLARED_SELECTOR = YES;
				GCC_WARN_UNINITIALIZED_AUTOS = YES_AGGRESSIVE;
				GCC_WARN_UNUSED_FUNCTION = YES;
				GCC_WARN_UNUSED_VARIABLE = YES;
				IPHONEOS_DEPLOYMENT_TARGET = 17.4;
				LOCALIZATION_PREFERS_STRING_CATALOGS = YES;
				MTL_ENABLE_DEBUG_INFO = INCLUDE_SOURCE;
				MTL_FAST_MATH = YES;
				ONLY_ACTIVE_ARCH = YES;
				SDKROOT = iphoneos;
				SWIFT_ACTIVE_COMPILATION_CONDITIONS = "DEBUG $(inherited)";
				SWIFT_OPTIMIZATION_LEVEL = "-Onone";
			};
			name = Debug;
		};
		812349702BEFE96E0089B9F4 /* Release */ = {
			isa = XCBuildConfiguration;
			buildSettings = {
				ALWAYS_SEARCH_USER_PATHS = NO;
				ASSETCATALOG_COMPILER_GENERATE_SWIFT_ASSET_SYMBOL_EXTENSIONS = YES;
				CLANG_ANALYZER_NONNULL = YES;
				CLANG_ANALYZER_NUMBER_OBJECT_CONVERSION = YES_AGGRESSIVE;
				CLANG_CXX_LANGUAGE_STANDARD = "gnu++20";
				CLANG_ENABLE_MODULES = YES;
				CLANG_ENABLE_OBJC_ARC = YES;
				CLANG_ENABLE_OBJC_WEAK = YES;
				CLANG_WARN_BLOCK_CAPTURE_AUTORELEASING = YES;
				CLANG_WARN_BOOL_CONVERSION = YES;
				CLANG_WARN_COMMA = YES;
				CLANG_WARN_CONSTANT_CONVERSION = YES;
				CLANG_WARN_DEPRECATED_OBJC_IMPLEMENTATIONS = YES;
				CLANG_WARN_DIRECT_OBJC_ISA_USAGE = YES_ERROR;
				CLANG_WARN_DOCUMENTATION_COMMENTS = YES;
				CLANG_WARN_EMPTY_BODY = YES;
				CLANG_WARN_ENUM_CONVERSION = YES;
				CLANG_WARN_INFINITE_RECURSION = YES;
				CLANG_WARN_INT_CONVERSION = YES;
				CLANG_WARN_NON_LITERAL_NULL_CONVERSION = YES;
				CLANG_WARN_OBJC_IMPLICIT_RETAIN_SELF = YES;
				CLANG_WARN_OBJC_LITERAL_CONVERSION = YES;
				CLANG_WARN_OBJC_ROOT_CLASS = YES_ERROR;
				CLANG_WARN_QUOTED_INCLUDE_IN_FRAMEWORK_HEADER = YES;
				CLANG_WARN_RANGE_LOOP_ANALYSIS = YES;
				CLANG_WARN_STRICT_PROTOTYPES = YES;
				CLANG_WARN_SUSPICIOUS_MOVE = YES;
				CLANG_WARN_UNGUARDED_AVAILABILITY = YES_AGGRESSIVE;
				CLANG_WARN_UNREACHABLE_CODE = YES;
				CLANG_WARN__DUPLICATE_METHOD_MATCH = YES;
				COPY_PHASE_STRIP = NO;
				DEBUG_INFORMATION_FORMAT = "dwarf-with-dsym";
				ENABLE_NS_ASSERTIONS = NO;
				ENABLE_STRICT_OBJC_MSGSEND = YES;
				ENABLE_USER_SCRIPT_SANDBOXING = YES;
				GCC_C_LANGUAGE_STANDARD = gnu17;
				GCC_NO_COMMON_BLOCKS = YES;
				GCC_WARN_64_TO_32_BIT_CONVERSION = YES;
				GCC_WARN_ABOUT_RETURN_TYPE = YES_ERROR;
				GCC_WARN_UNDECLARED_SELECTOR = YES;
				GCC_WARN_UNINITIALIZED_AUTOS = YES_AGGRESSIVE;
				GCC_WARN_UNUSED_FUNCTION = YES;
				GCC_WARN_UNUSED_VARIABLE = YES;
				IPHONEOS_DEPLOYMENT_TARGET = 17.4;
				LOCALIZATION_PREFERS_STRING_CATALOGS = YES;
				MTL_ENABLE_DEBUG_INFO = NO;
				MTL_FAST_MATH = YES;
				SDKROOT = iphoneos;
				SWIFT_COMPILATION_MODE = wholemodule;
				VALIDATE_PRODUCT = YES;
			};
			name = Release;
		};
		812349722BEFE96E0089B9F4 /* Debug */ = {
			isa = XCBuildConfiguration;
			buildSettings = {
				ASSETCATALOG_COMPILER_APPICON_NAME = AppIcon;
				ASSETCATALOG_COMPILER_GLOBAL_ACCENT_COLOR_NAME = AccentColor;
				CODE_SIGN_STYLE = Automatic;
				CURRENT_PROJECT_VERSION = 1;
				DEVELOPMENT_ASSET_PATHS = "\"SerpApiCalls/Preview Content\"";
				ENABLE_PREVIEWS = YES;
				GENERATE_INFOPLIST_FILE = YES;
				INFOPLIST_FILE = SerpApiCalls/Info.plist;
				INFOPLIST_KEY_UIApplicationSceneManifest_Generation = YES;
				INFOPLIST_KEY_UIApplicationSupportsIndirectInputEvents = YES;
				INFOPLIST_KEY_UILaunchScreen_Generation = YES;
				INFOPLIST_KEY_UISupportedInterfaceOrientations_iPad = "UIInterfaceOrientationPortrait UIInterfaceOrientationPortraitUpsideDown UIInterfaceOrientationLandscapeLeft UIInterfaceOrientationLandscapeRight";
				INFOPLIST_KEY_UISupportedInterfaceOrientations_iPhone = "UIInterfaceOrientationPortrait UIInterfaceOrientationLandscapeLeft UIInterfaceOrientationLandscapeRight";
				LD_RUNPATH_SEARCH_PATHS = (
					"$(inherited)",
					"@executable_path/Frameworks",
				);
				MARKETING_VERSION = 1.0;
				PRODUCT_BUNDLE_IDENTIFIER = DavidCompany.SerpApiCalls;
				PRODUCT_NAME = "$(TARGET_NAME)";
				SWIFT_EMIT_LOC_STRINGS = YES;
				SWIFT_VERSION = 5.0;
				TARGETED_DEVICE_FAMILY = "1,2";
			};
			name = Debug;
		};
		812349732BEFE96E0089B9F4 /* Release */ = {
			isa = XCBuildConfiguration;
			buildSettings = {
				ASSETCATALOG_COMPILER_APPICON_NAME = AppIcon;
				ASSETCATALOG_COMPILER_GLOBAL_ACCENT_COLOR_NAME = AccentColor;
				CODE_SIGN_STYLE = Automatic;
				CURRENT_PROJECT_VERSION = 1;
				DEVELOPMENT_ASSET_PATHS = "\"SerpApiCalls/Preview Content\"";
				ENABLE_PREVIEWS = YES;
				GENERATE_INFOPLIST_FILE = YES;
				INFOPLIST_FILE = SerpApiCalls/Info.plist;
				INFOPLIST_KEY_UIApplicationSceneManifest_Generation = YES;
				INFOPLIST_KEY_UIApplicationSupportsIndirectInputEvents = YES;
				INFOPLIST_KEY_UILaunchScreen_Generation = YES;
				INFOPLIST_KEY_UISupportedInterfaceOrientations_iPad = "UIInterfaceOrientationPortrait UIInterfaceOrientationPortraitUpsideDown UIInterfaceOrientationLandscapeLeft UIInterfaceOrientationLandscapeRight";
				INFOPLIST_KEY_UISupportedInterfaceOrientations_iPhone = "UIInterfaceOrientationPortrait UIInterfaceOrientationLandscapeLeft UIInterfaceOrientationLandscapeRight";
				LD_RUNPATH_SEARCH_PATHS = (
					"$(inherited)",
					"@executable_path/Frameworks",
				);
				MARKETING_VERSION = 1.0;
				PRODUCT_BUNDLE_IDENTIFIER = DavidCompany.SerpApiCalls;
				PRODUCT_NAME = "$(TARGET_NAME)";
				SWIFT_EMIT_LOC_STRINGS = YES;
				SWIFT_VERSION = 5.0;
				TARGETED_DEVICE_FAMILY = "1,2";
			};
			name = Release;
		};
/* End XCBuildConfiguration section */

/* Begin XCConfigurationList section */
		8123495C2BEFE9680089B9F4 /* Build configuration list for PBXProject "SerpApiCalls" */ = {
			isa = XCConfigurationList;
			buildConfigurations = (
				8123496F2BEFE96E0089B9F4 /* Debug */,
				812349702BEFE96E0089B9F4 /* Release */,
			);
			defaultConfigurationIsVisible = 0;
			defaultConfigurationName = Release;
		};
		812349712BEFE96E0089B9F4 /* Build configuration list for PBXNativeTarget "SerpApiCalls" */ = {
			isa = XCConfigurationList;
			buildConfigurations = (
				812349722BEFE96E0089B9F4 /* Debug */,
				812349732BEFE96E0089B9F4 /* Release */,
			);
			defaultConfigurationIsVisible = 0;
			defaultConfigurationName = Release;
		};
/* End XCConfigurationList section */
	};
	rootObject = 812349592BEFE9680089B9F4 /* Project object */;
}
